
Microsoft Visual Studio Solution File, Format Version 12.00
# Visual Studio Version 17
VisualStudioVersion = 17.5.33530.505
MinimumVisualStudioVersion = 10.0.40219.1
Project("{9A19103F-16F7-4668-BE54-9A1E7A4F7556}") = "ASBQueueExample", "ASBQueueExample\ASBQueueExample.csproj", "{6AD1E140-836B-4703-AE14-62C67DC00D92}"
EndProject
Project("{2150E333-8FDC-42A3-9474-1A3956D46DE8}") = "Basic", "Basic", "{6099D1E3-96A3-41B9-8EFA-57989FC4B098}"
EndProject
Project("{FAE04EC0-301F-11D3-BF4B-00C04F79EFBC}") = "SimpleBrokeredMessaging.ChatConsole", "..\SimpleBrokeredMessaging\SimpleBrokeredMessaging.ChatConsole\SimpleBrokeredMessaging.ChatConsole.csproj", "{1FB753FA-A1CB-49C6-A41E-AB003F493183}"
EndProject
Project("{FAE04EC0-301F-11D3-BF4B-00C04F79EFBC}") = "SimpleBrokeredMessaging.Sender", "..\SimpleBrokeredMessaging\SimpleBrokeredMessaging.Sender\SimpleBrokeredMessaging.Sender.csproj", "{AFA606ED-F07F-4CE6-B7AD-EBD9D30231DA}"
EndProject
Project("{FAE04EC0-301F-11D3-BF4B-00C04F79EFBC}") = "SimpleBrokeredMessaging.Receiver", "..\SimpleBrokeredMessaging\SimpleBrokeredMessaging.Receiver\SimpleBrokeredMessaging.Receiver.csproj", "{7B04B149-F954-4985-A0F1-3D3A948D3848}"
EndProject
Global
	GlobalSection(SolutionConfigurationPlatforms) = preSolution
		Debug|Any CPU = Debug|Any CPU
		Release|Any CPU = Release|Any CPU
	EndGlobalSection
	GlobalSection(ProjectConfigurationPlatforms) = postSolution
		{6AD1E140-836B-4703-AE14-62C67DC00D92}.Debug|Any CPU.ActiveCfg = Debug|Any CPU
		{6AD1E140-836B-4703-AE14-62C67DC00D92}.Debug|Any CPU.Build.0 = Debug|Any CPU
		{6AD1E140-836B-4703-AE14-62C67DC00D92}.Release|Any CPU.ActiveCfg = Release|Any CPU
		{6AD1E140-836B-4703-AE14-62C67DC00D92}.Release|Any CPU.Build.0 = Release|Any CPU
		{1FB753FA-A1CB-49C6-A41E-AB003F493183}.Debug|Any CPU.ActiveCfg = Debug|Any CPU
		{1FB753FA-A1CB-49C6-A41E-AB003F493183}.Debug|Any CPU.Build.0 = Debug|Any CPU
		{1FB753FA-A1CB-49C6-A41E-AB003F493183}.Release|Any CPU.ActiveCfg = Release|Any CPU
		{1FB753FA-A1CB-49C6-A41E-AB003F493183}.Release|Any CPU.Build.0 = Release|Any CPU
		{AFA606ED-F07F-4CE6-B7AD-EBD9D30231DA}.Debug|Any CPU.ActiveCfg = Debug|Any CPU
		{AFA606ED-F07F-4CE6-B7AD-EBD9D30231DA}.Debug|Any CPU.Build.0 = Debug|Any CPU
		{AFA606ED-F07F-4CE6-B7AD-EBD9D30231DA}.Release|Any CPU.ActiveCfg = Release|Any CPU
		{AFA606ED-F07F-4CE6-B7AD-EBD9D30231DA}.Release|Any CPU.Build.0 = Release|Any CPU
		{7B04B149-F954-4985-A0F1-3D3A948D3848}.Debug|Any CPU.ActiveCfg = Debug|Any CPU
		{7B04B149-F954-4985-A0F1-3D3A948D3848}.Debug|Any CPU.Build.0 = Debug|Any CPU
		{7B04B149-F954-4985-A0F1-3D3A948D3848}.Release|Any CPU.ActiveCfg = Release|Any CPU
		{7B04B149-F954-4985-A0F1-3D3A948D3848}.Release|Any CPU.Build.0 = Release|Any CPU
	EndGlobalSection
	GlobalSection(SolutionProperties) = preSolution
		HideSolutionNode = FALSE
	EndGlobalSection
	GlobalSection(NestedProjects) = preSolution
		{6AD1E140-836B-4703-AE14-62C67DC00D92} = {6099D1E3-96A3-41B9-8EFA-57989FC4B098}
	EndGlobalSection
	GlobalSection(ExtensibilityGlobals) = postSolution
		SolutionGuid = {D4B3A07F-9E8B-4D57-8920-4E218B808A09}
	EndGlobalSection
EndGlobal
