
Microsoft Visual Studio Solution File, Format Version 12.00
# Visual Studio Version 17
VisualStudioVersion = 17.5.33530.505
MinimumVisualStudioVersion = 10.0.40219.1
Project("{FAE04EC0-301F-11D3-BF4B-00C04F79EFBC}") = "ASBQueueExample", "ASBQueueExample\ASBQueueExample.csproj", "{6AD1E140-836B-4703-AE14-62C67DC00D92}"
EndProject
Global
	GlobalSection(SolutionConfigurationPlatforms) = preSolution
		Debug|Any CPU = Debug|Any CPU
		Release|Any CPU = Release|Any CPU
	EndGlobalSection
	GlobalSection(ProjectConfigurationPlatforms) = postSolution
		{6AD1E140-836B-4703-AE14-62C67DC00D92}.Debug|Any CPU.ActiveCfg = Debug|Any CPU
		{6AD1E140-836B-4703-AE14-62C67DC00D92}.Debug|Any CPU.Build.0 = Debug|Any CPU
		{6AD1E140-836B-4703-AE14-62C67DC00D92}.Release|Any CPU.ActiveCfg = Release|Any CPU
		{6AD1E140-836B-4703-AE14-62C67DC00D92}.Release|Any CPU.Build.0 = Release|Any CPU
	EndGlobalSection
	GlobalSection(SolutionProperties) = preSolution
		HideSolutionNode = FALSE
	EndGlobalSection
	GlobalSection(ExtensibilityGlobals) = postSolution
		SolutionGuid = {D4B3A07F-9E8B-4D57-8920-4E218B808A09}
	EndGlobalSection
EndGlobal
